
Microsoft Visual Studio Solution File, Format Version 12.00
# Visual Studio Version 17
VisualStudioVersion = 17.13.35919.96
MinimumVisualStudioVersion = 10.0.40219.1
Project("{FAE04EC0-301F-11D3-BF4B-00C04F79EFBC}") = "CityVilleDotnet.Api", "CityVilleDotnet.Api\CityVilleDotnet.Api.csproj", "{5A335644-8613-4F23-94FF-BE69A23572F9}"
EndProject
Project("{FAE04EC0-301F-11D3-BF4B-00C04F79EFBC}") = "CityVilleDotnet.Domain", "CityVilleDotnet.Domain\CityVilleDotnet.Domain.csproj", "{AF797EA3-39B1-482A-BAD4-D48669B9DC4B}"
EndProject
Project("{FAE04EC0-301F-11D3-BF4B-00C04F79EFBC}") = "CityVilleDotnet.Persistence", "CityVilleDotnet.Persistence\CityVilleDotnet.Persistence.csproj", "{EFC67537-6AB0-4255-A52F-223EE4D7DD52}"
EndProject
Project("{FAE04EC0-301F-11D3-BF4B-00C04F79EFBC}") = "CityVilleDotnet.Common", "CityVilleDotnet.Common\CityVilleDotnet.Common.csproj", "{FD5E956F-2288-4671-833B-D07584EABB01}"
EndProject
Project("{FAE04EC0-301F-11D3-BF4B-00C04F79EFBC}") = "FluorineFX", "FluorineFX\FluorineFX.csproj", "{10431CD3-B9C8-45C9-A585-185F50FAE8DC}"
EndProject
Project("{2150E333-8FDC-42A3-9474-1A3956D46DE8}") = "test", "test", "{0C88DD14-F956-CE84-757C-A364CCF449FC}"
EndProject
Project("{FAE04EC0-301F-11D3-BF4B-00C04F79EFBC}") = "CityVilleDotnet.Test.Domain", "test\CityVilleDotnet.Test.Domain\CityVilleDotnet.Test.Domain.csproj", "{837FE370-8E7E-4AC0-BCB6-94B5BE9D2B6C}"
EndProject
Project("{FAE04EC0-301F-11D3-BF4B-00C04F79EFBC}") = "CityVilleDotnet.Factory", "test\CityVilleDotnet.Factory\CityVilleDotnet.Factory.csproj", "{A966405F-1113-4519-BB43-FA13698999E2}"
EndProject
Global
	GlobalSection(SolutionConfigurationPlatforms) = preSolution
		Debug|Any CPU = Debug|Any CPU
		Debug|x64 = Debug|x64
		Debug|x86 = Debug|x86
		Release|Any CPU = Release|Any CPU
		Release|x64 = Release|x64
		Release|x86 = Release|x86
	EndGlobalSection
	GlobalSection(ProjectConfigurationPlatforms) = postSolution
		{5A335644-8613-4F23-94FF-BE69A23572F9}.Debug|Any CPU.ActiveCfg = Debug|Any CPU
		{5A335644-8613-4F23-94FF-BE69A23572F9}.Debug|Any CPU.Build.0 = Debug|Any CPU
		{5A335644-8613-4F23-94FF-BE69A23572F9}.Debug|x64.ActiveCfg = Debug|Any CPU
		{5A335644-8613-4F23-94FF-BE69A23572F9}.Debug|x64.Build.0 = Debug|Any CPU
		{5A335644-8613-4F23-94FF-BE69A23572F9}.Debug|x86.ActiveCfg = Debug|Any CPU
		{5A335644-8613-4F23-94FF-BE69A23572F9}.Debug|x86.Build.0 = Debug|Any CPU
		{5A335644-8613-4F23-94FF-BE69A23572F9}.Release|Any CPU.ActiveCfg = Release|Any CPU
		{5A335644-8613-4F23-94FF-BE69A23572F9}.Release|Any CPU.Build.0 = Release|Any CPU
		{5A335644-8613-4F23-94FF-BE69A23572F9}.Release|x64.ActiveCfg = Release|Any CPU
		{5A335644-8613-4F23-94FF-BE69A23572F9}.Release|x64.Build.0 = Release|Any CPU
		{5A335644-8613-4F23-94FF-BE69A23572F9}.Release|x86.ActiveCfg = Release|Any CPU
		{5A335644-8613-4F23-94FF-BE69A23572F9}.Release|x86.Build.0 = Release|Any CPU
		{AF797EA3-39B1-482A-BAD4-D48669B9DC4B}.Debug|Any CPU.ActiveCfg = Debug|Any CPU
		{AF797EA3-39B1-482A-BAD4-D48669B9DC4B}.Debug|Any CPU.Build.0 = Debug|Any CPU
		{AF797EA3-39B1-482A-BAD4-D48669B9DC4B}.Debug|x64.ActiveCfg = Debug|Any CPU
		{AF797EA3-39B1-482A-BAD4-D48669B9DC4B}.Debug|x64.Build.0 = Debug|Any CPU
		{AF797EA3-39B1-482A-BAD4-D48669B9DC4B}.Debug|x86.ActiveCfg = Debug|Any CPU
		{AF797EA3-39B1-482A-BAD4-D48669B9DC4B}.Debug|x86.Build.0 = Debug|Any CPU
		{AF797EA3-39B1-482A-BAD4-D48669B9DC4B}.Release|Any CPU.ActiveCfg = Release|Any CPU
		{AF797EA3-39B1-482A-BAD4-D48669B9DC4B}.Release|Any CPU.Build.0 = Release|Any CPU
		{AF797EA3-39B1-482A-BAD4-D48669B9DC4B}.Release|x64.ActiveCfg = Release|Any CPU
		{AF797EA3-39B1-482A-BAD4-D48669B9DC4B}.Release|x64.Build.0 = Release|Any CPU
		{AF797EA3-39B1-482A-BAD4-D48669B9DC4B}.Release|x86.ActiveCfg = Release|Any CPU
		{AF797EA3-39B1-482A-BAD4-D48669B9DC4B}.Release|x86.Build.0 = Release|Any CPU
		{EFC67537-6AB0-4255-A52F-223EE4D7DD52}.Debug|Any CPU.ActiveCfg = Debug|Any CPU
		{EFC67537-6AB0-4255-A52F-223EE4D7DD52}.Debug|Any CPU.Build.0 = Debug|Any CPU
		{EFC67537-6AB0-4255-A52F-223EE4D7DD52}.Debug|x64.ActiveCfg = Debug|Any CPU
		{EFC67537-6AB0-4255-A52F-223EE4D7DD52}.Debug|x64.Build.0 = Debug|Any CPU
		{EFC67537-6AB0-4255-A52F-223EE4D7DD52}.Debug|x86.ActiveCfg = Debug|Any CPU
		{EFC67537-6AB0-4255-A52F-223EE4D7DD52}.Debug|x86.Build.0 = Debug|Any CPU
		{EFC67537-6AB0-4255-A52F-223EE4D7DD52}.Release|Any CPU.ActiveCfg = Release|Any CPU
		{EFC67537-6AB0-4255-A52F-223EE4D7DD52}.Release|Any CPU.Build.0 = Release|Any CPU
		{EFC67537-6AB0-4255-A52F-223EE4D7DD52}.Release|x64.ActiveCfg = Release|Any CPU
		{EFC67537-6AB0-4255-A52F-223EE4D7DD52}.Release|x64.Build.0 = Release|Any CPU
		{EFC67537-6AB0-4255-A52F-223EE4D7DD52}.Release|x86.ActiveCfg = Release|Any CPU
		{EFC67537-6AB0-4255-A52F-223EE4D7DD52}.Release|x86.Build.0 = Release|Any CPU
		{FD5E956F-2288-4671-833B-D07584EABB01}.Debug|Any CPU.ActiveCfg = Debug|Any CPU
		{FD5E956F-2288-4671-833B-D07584EABB01}.Debug|Any CPU.Build.0 = Debug|Any CPU
		{FD5E956F-2288-4671-833B-D07584EABB01}.Debug|x64.ActiveCfg = Debug|Any CPU
		{FD5E956F-2288-4671-833B-D07584EABB01}.Debug|x64.Build.0 = Debug|Any CPU
		{FD5E956F-2288-4671-833B-D07584EABB01}.Debug|x86.ActiveCfg = Debug|Any CPU
		{FD5E956F-2288-4671-833B-D07584EABB01}.Debug|x86.Build.0 = Debug|Any CPU
		{FD5E956F-2288-4671-833B-D07584EABB01}.Release|Any CPU.ActiveCfg = Release|Any CPU
		{FD5E956F-2288-4671-833B-D07584EABB01}.Release|Any CPU.Build.0 = Release|Any CPU
		{FD5E956F-2288-4671-833B-D07584EABB01}.Release|x64.ActiveCfg = Release|Any CPU
		{FD5E956F-2288-4671-833B-D07584EABB01}.Release|x64.Build.0 = Release|Any CPU
		{FD5E956F-2288-4671-833B-D07584EABB01}.Release|x86.ActiveCfg = Release|Any CPU
		{FD5E956F-2288-4671-833B-D07584EABB01}.Release|x86.Build.0 = Release|Any CPU
		{10431CD3-B9C8-45C9-A585-185F50FAE8DC}.Debug|Any CPU.ActiveCfg = Debug|Any CPU
		{10431CD3-B9C8-45C9-A585-185F50FAE8DC}.Debug|Any CPU.Build.0 = Debug|Any CPU
		{10431CD3-B9C8-45C9-A585-185F50FAE8DC}.Debug|x64.ActiveCfg = Debug|Any CPU
		{10431CD3-B9C8-45C9-A585-185F50FAE8DC}.Debug|x64.Build.0 = Debug|Any CPU
		{10431CD3-B9C8-45C9-A585-185F50FAE8DC}.Debug|x86.ActiveCfg = Debug|Any CPU
		{10431CD3-B9C8-45C9-A585-185F50FAE8DC}.Debug|x86.Build.0 = Debug|Any CPU
		{10431CD3-B9C8-45C9-A585-185F50FAE8DC}.Release|Any CPU.ActiveCfg = Release|Any CPU
		{10431CD3-B9C8-45C9-A585-185F50FAE8DC}.Release|Any CPU.Build.0 = Release|Any CPU
		{10431CD3-B9C8-45C9-A585-185F50FAE8DC}.Release|x64.ActiveCfg = Release|Any CPU
		{10431CD3-B9C8-45C9-A585-185F50FAE8DC}.Release|x64.Build.0 = Release|Any CPU
		{10431CD3-B9C8-45C9-A585-185F50FAE8DC}.Release|x86.ActiveCfg = Release|Any CPU
		{10431CD3-B9C8-45C9-A585-185F50FAE8DC}.Release|x86.Build.0 = Release|Any CPU
		{837FE370-8E7E-4AC0-BCB6-94B5BE9D2B6C}.Debug|Any CPU.ActiveCfg = Debug|Any CPU
		{837FE370-8E7E-4AC0-BCB6-94B5BE9D2B6C}.Debug|Any CPU.Build.0 = Debug|Any CPU
		{837FE370-8E7E-4AC0-BCB6-94B5BE9D2B6C}.Debug|x64.ActiveCfg = Debug|Any CPU
		{837FE370-8E7E-4AC0-BCB6-94B5BE9D2B6C}.Debug|x64.Build.0 = Debug|Any CPU
		{837FE370-8E7E-4AC0-BCB6-94B5BE9D2B6C}.Debug|x86.ActiveCfg = Debug|Any CPU
		{837FE370-8E7E-4AC0-BCB6-94B5BE9D2B6C}.Debug|x86.Build.0 = Debug|Any CPU
		{837FE370-8E7E-4AC0-BCB6-94B5BE9D2B6C}.Release|Any CPU.ActiveCfg = Release|Any CPU
		{837FE370-8E7E-4AC0-BCB6-94B5BE9D2B6C}.Release|Any CPU.Build.0 = Release|Any CPU
		{837FE370-8E7E-4AC0-BCB6-94B5BE9D2B6C}.Release|x64.ActiveCfg = Release|Any CPU
		{837FE370-8E7E-4AC0-BCB6-94B5BE9D2B6C}.Release|x64.Build.0 = Release|Any CPU
		{837FE370-8E7E-4AC0-BCB6-94B5BE9D2B6C}.Release|x86.ActiveCfg = Release|Any CPU
		{837FE370-8E7E-4AC0-BCB6-94B5BE9D2B6C}.Release|x86.Build.0 = Release|Any CPU
		{A966405F-1113-4519-BB43-FA13698999E2}.Debug|Any CPU.ActiveCfg = Debug|Any CPU
		{A966405F-1113-4519-BB43-FA13698999E2}.Debug|Any CPU.Build.0 = Debug|Any CPU
		{A966405F-1113-4519-BB43-FA13698999E2}.Debug|x64.ActiveCfg = Debug|Any CPU
		{A966405F-1113-4519-BB43-FA13698999E2}.Debug|x64.Build.0 = Debug|Any CPU
		{A966405F-1113-4519-BB43-FA13698999E2}.Debug|x86.ActiveCfg = Debug|Any CPU
		{A966405F-1113-4519-BB43-FA13698999E2}.Debug|x86.Build.0 = Debug|Any CPU
		{A966405F-1113-4519-BB43-FA13698999E2}.Release|Any CPU.ActiveCfg = Release|Any CPU
		{A966405F-1113-4519-BB43-FA13698999E2}.Release|Any CPU.Build.0 = Release|Any CPU
		{A966405F-1113-4519-BB43-FA13698999E2}.Release|x64.ActiveCfg = Release|Any CPU
		{A966405F-1113-4519-BB43-FA13698999E2}.Release|x64.Build.0 = Release|Any CPU
		{A966405F-1113-4519-BB43-FA13698999E2}.Release|x86.ActiveCfg = Release|Any CPU
		{A966405F-1113-4519-BB43-FA13698999E2}.Release|x86.Build.0 = Release|Any CPU
	EndGlobalSection
	GlobalSection(SolutionProperties) = preSolution
		HideSolutionNode = FALSE
	EndGlobalSection
	GlobalSection(NestedProjects) = preSolution
		{837FE370-8E7E-4AC0-BCB6-94B5BE9D2B6C} = {0C88DD14-F956-CE84-757C-A364CCF449FC}
		{A966405F-1113-4519-BB43-FA13698999E2} = {0C88DD14-F956-CE84-757C-A364CCF449FC}
	EndGlobalSection
	GlobalSection(ExtensibilityGlobals) = postSolution
		SolutionGuid = {097A122C-3C7E-40D9-9DFE-6A7A2EB3F46B}
	EndGlobalSection
EndGlobal
